
Microsoft Visual Studio Solution File, Format Version 12.00
# Visual Studio Version 17
VisualStudioVersion = 17.1.32228.430
MinimumVisualStudioVersion = 10.0.40219.1
Project("{9A19103F-16F7-4668-BE54-9A1E7A4F7556}") = "Models.WeatherResponsive.Mapster", "Weather\Models.WeatherResponsive.Mapster\Models.WeatherResponsive.Mapster.csproj", "{A4C2A2C7-E74C-4FB4-B268-623CD59631B9}"
EndProject
Project("{9A19103F-16F7-4668-BE54-9A1E7A4F7556}") = "Repository.WeatherResponsive", "Weather\Repository.WeatherResponsive\Repository.WeatherResponsive.csproj", "{F8D34BED-82FC-4E48-B7EA-E6AA0A4BC886}"
EndProject
Project("{9A19103F-16F7-4668-BE54-9A1E7A4F7556}") = "Services.WeatherResponsive", "Weather\Services.WeatherResponsive\Services.WeatherResponsive.csproj", "{61C7EEA9-67EA-44F1-8391-A296D14CD268}"
EndProject
Project("{2150E333-8FDC-42A3-9474-1A3956D46DE8}") = "common", "common", "{D59348A0-6121-4C6E-9BA6-56DA514DAB6E}"
EndProject
Project("{9A19103F-16F7-4668-BE54-9A1E7A4F7556}") = "Persistence.Mongo", "common\Persistence.Mongo\Persistence.Mongo.csproj", "{EB38E231-720B-41F4-B12F-FA89D753950E}"
EndProject
Project("{9A19103F-16F7-4668-BE54-9A1E7A4F7556}") = "Persistence.Common", "common\Persistence.Common\Persistence.Common.csproj", "{594C9685-E520-4C58-A7D5-CEA9E267FCB9}"
EndProject
Project("{9A19103F-16F7-4668-BE54-9A1E7A4F7556}") = "Extensions", "common\Extensions\Extensions.csproj", "{D792F3F4-C00C-4DA2-9C04-57F01E7D2B4C}"
EndProject
Project("{9A19103F-16F7-4668-BE54-9A1E7A4F7556}") = "Authorization", "common\Authorization\Authorization.csproj", "{0409FD20-B619-4187-96CF-13C6D42F2268}"
EndProject
Project("{9A19103F-16F7-4668-BE54-9A1E7A4F7556}") = "Repository.Entities", "entities\Repository.Entities\Repository.Entities.csproj", "{DD06CED6-9351-41E3-9AC3-189FFEF560FE}"
EndProject
Project("{2150E333-8FDC-42A3-9474-1A3956D46DE8}") = "entities", "entities", "{8AFBECFA-7990-41AF-93BD-29FC13618556}"
EndProject
Project("{9A19103F-16F7-4668-BE54-9A1E7A4F7556}") = "Models.Entities", "entities\Models.Entities\Models.Entities.csproj", "{901E1354-7F99-48B6-BC18-11E22AC3BEB6}"
EndProject
Project("{9A19103F-16F7-4668-BE54-9A1E7A4F7556}") = "WeatherResponsiveService", "WeatherResponsiveService\WeatherResponsiveService.csproj", "{7EF6E4C7-CEAF-4C98-917B-BB6BACD5986A}"
EndProject
Project("{9A19103F-16F7-4668-BE54-9A1E7A4F7556}") = "Scheduler.Base", "common\Scheduler.Base\Scheduler.Base.csproj", "{57623478-AA53-49A4-9F63-5BB2E818F15B}"
EndProject
Project("{2150E333-8FDC-42A3-9474-1A3956D46DE8}") = "config", "config", "{8AEEB08A-E2D8-49FC-8CF3-9A30667CBB20}"
EndProject
Project("{9A19103F-16F7-4668-BE54-9A1E7A4F7556}") = "Config", "config\Config\Config.csproj", "{CF8D86E3-B0F2-4550-9ACA-83BAC3869473}"
EndProject
Project("{9A19103F-16F7-4668-BE54-9A1E7A4F7556}") = "Weather.Fusion", "Weather\Weather.Fusion\Weather.Fusion.csproj", "{9FF766F8-D14A-4D83-9780-26EFE6F62720}"
EndProject
Project("{9A19103F-16F7-4668-BE54-9A1E7A4F7556}") = "Weather.Gov", "Weather\Weather.Gov\Weather.Gov.csproj", "{151C4D6F-F0ED-4A7D-8952-CAAB0A22580F}"
EndProject
Project("{9A19103F-16F7-4668-BE54-9A1E7A4F7556}") = "Status.Ess", "status\Status.Ess\Status.Ess.csproj", "{441C57B6-E5B3-4FB0-96DE-E6411DF57400}"
EndProject
Project("{2150E333-8FDC-42A3-9474-1A3956D46DE8}") = "status", "status", "{51EEBC70-6869-4A22-B497-1996A8CB15C7}"
EndProject
Project("{2150E333-8FDC-42A3-9474-1A3956D46DE8}") = "weather-responsive", "weather-responsive", "{82BDC446-0E77-4108-A146-98632824D136}"
EndProject
Project("{9A19103F-16F7-4668-BE54-9A1E7A4F7556}") = "Status.Common", "status\Status.Common\Status.Common.csproj", "{B5E3AE14-8CFD-4F6E-B9EE-C2FF6F3C4801}"
EndProject
Project("{9A19103F-16F7-4668-BE54-9A1E7A4F7556}") = "Monitoring", "common\Monitoring\Monitoring.csproj", "{7FE05817-A155-4AAC-BD70-EB693394BFE1}"
EndProject
Project("{9A19103F-16F7-4668-BE54-9A1E7A4F7556}") = "Messaging", "common\Messaging\Messaging.csproj", "{1D386666-697C-4D15-A263-EBDE46D3AF76}"
EndProject
Project("{9A19103F-16F7-4668-BE54-9A1E7A4F7556}") = "Auditing", "common\Auditing\Auditing.csproj", "{ADFB0216-D6A4-4D7D-A286-0C20DE0AF29B}"
EndProject
Project("{9A19103F-16F7-4668-BE54-9A1E7A4F7556}") = "Extensions.AspNet", "common\Extensions.AspNet\Extensions.AspNet.csproj", "{A023F22D-6507-417E-9498-6AA7D705649E}"
EndProject
Project("{9A19103F-16F7-4668-BE54-9A1E7A4F7556}") = "Monitoring.HealthChecks.Mongo", "common\Monitoring.HealthChecks.Mongo\Monitoring.HealthChecks.Mongo.csproj", "{AB177024-9A90-4EA0-8225-9897AFA85AEA}"
EndProject
Project("{9A19103F-16F7-4668-BE54-9A1E7A4F7556}") = "Monitoring.HealthChecks.Kafka", "common\Monitoring.HealthChecks.Kafka\Monitoring.HealthChecks.Kafka.csproj", "{85AEE4B2-38AA-46BE-A51F-ADE9D9EC99DA}"
EndProject
Global
	GlobalSection(SolutionConfigurationPlatforms) = preSolution
		Debug|Any CPU = Debug|Any CPU
		Release|Any CPU = Release|Any CPU
	EndGlobalSection
	GlobalSection(ProjectConfigurationPlatforms) = postSolution
		{A4C2A2C7-E74C-4FB4-B268-623CD59631B9}.Debug|Any CPU.ActiveCfg = Debug|Any CPU
		{A4C2A2C7-E74C-4FB4-B268-623CD59631B9}.Debug|Any CPU.Build.0 = Debug|Any CPU
		{A4C2A2C7-E74C-4FB4-B268-623CD59631B9}.Release|Any CPU.ActiveCfg = Release|Any CPU
		{A4C2A2C7-E74C-4FB4-B268-623CD59631B9}.Release|Any CPU.Build.0 = Release|Any CPU
		{F8D34BED-82FC-4E48-B7EA-E6AA0A4BC886}.Debug|Any CPU.ActiveCfg = Debug|Any CPU
		{F8D34BED-82FC-4E48-B7EA-E6AA0A4BC886}.Debug|Any CPU.Build.0 = Debug|Any CPU
		{F8D34BED-82FC-4E48-B7EA-E6AA0A4BC886}.Release|Any CPU.ActiveCfg = Release|Any CPU
		{F8D34BED-82FC-4E48-B7EA-E6AA0A4BC886}.Release|Any CPU.Build.0 = Release|Any CPU
		{61C7EEA9-67EA-44F1-8391-A296D14CD268}.Debug|Any CPU.ActiveCfg = Debug|Any CPU
		{61C7EEA9-67EA-44F1-8391-A296D14CD268}.Debug|Any CPU.Build.0 = Debug|Any CPU
		{61C7EEA9-67EA-44F1-8391-A296D14CD268}.Release|Any CPU.ActiveCfg = Release|Any CPU
		{61C7EEA9-67EA-44F1-8391-A296D14CD268}.Release|Any CPU.Build.0 = Release|Any CPU
		{EB38E231-720B-41F4-B12F-FA89D753950E}.Debug|Any CPU.ActiveCfg = Debug|Any CPU
		{EB38E231-720B-41F4-B12F-FA89D753950E}.Debug|Any CPU.Build.0 = Debug|Any CPU
		{EB38E231-720B-41F4-B12F-FA89D753950E}.Release|Any CPU.ActiveCfg = Release|Any CPU
		{EB38E231-720B-41F4-B12F-FA89D753950E}.Release|Any CPU.Build.0 = Release|Any CPU
		{594C9685-E520-4C58-A7D5-CEA9E267FCB9}.Debug|Any CPU.ActiveCfg = Debug|Any CPU
		{594C9685-E520-4C58-A7D5-CEA9E267FCB9}.Debug|Any CPU.Build.0 = Debug|Any CPU
		{594C9685-E520-4C58-A7D5-CEA9E267FCB9}.Release|Any CPU.ActiveCfg = Release|Any CPU
		{594C9685-E520-4C58-A7D5-CEA9E267FCB9}.Release|Any CPU.Build.0 = Release|Any CPU
		{D792F3F4-C00C-4DA2-9C04-57F01E7D2B4C}.Debug|Any CPU.ActiveCfg = Debug|Any CPU
		{D792F3F4-C00C-4DA2-9C04-57F01E7D2B4C}.Debug|Any CPU.Build.0 = Debug|Any CPU
		{D792F3F4-C00C-4DA2-9C04-57F01E7D2B4C}.Release|Any CPU.ActiveCfg = Release|Any CPU
		{D792F3F4-C00C-4DA2-9C04-57F01E7D2B4C}.Release|Any CPU.Build.0 = Release|Any CPU
		{0409FD20-B619-4187-96CF-13C6D42F2268}.Debug|Any CPU.ActiveCfg = Debug|Any CPU
		{0409FD20-B619-4187-96CF-13C6D42F2268}.Debug|Any CPU.Build.0 = Debug|Any CPU
		{0409FD20-B619-4187-96CF-13C6D42F2268}.Release|Any CPU.ActiveCfg = Release|Any CPU
		{0409FD20-B619-4187-96CF-13C6D42F2268}.Release|Any CPU.Build.0 = Release|Any CPU
		{DD06CED6-9351-41E3-9AC3-189FFEF560FE}.Debug|Any CPU.ActiveCfg = Debug|Any CPU
		{DD06CED6-9351-41E3-9AC3-189FFEF560FE}.Debug|Any CPU.Build.0 = Debug|Any CPU
		{DD06CED6-9351-41E3-9AC3-189FFEF560FE}.Release|Any CPU.ActiveCfg = Release|Any CPU
		{DD06CED6-9351-41E3-9AC3-189FFEF560FE}.Release|Any CPU.Build.0 = Release|Any CPU
		{901E1354-7F99-48B6-BC18-11E22AC3BEB6}.Debug|Any CPU.ActiveCfg = Debug|Any CPU
		{901E1354-7F99-48B6-BC18-11E22AC3BEB6}.Debug|Any CPU.Build.0 = Debug|Any CPU
		{901E1354-7F99-48B6-BC18-11E22AC3BEB6}.Release|Any CPU.ActiveCfg = Release|Any CPU
		{901E1354-7F99-48B6-BC18-11E22AC3BEB6}.Release|Any CPU.Build.0 = Release|Any CPU
		{7EF6E4C7-CEAF-4C98-917B-BB6BACD5986A}.Debug|Any CPU.ActiveCfg = Debug|Any CPU
		{7EF6E4C7-CEAF-4C98-917B-BB6BACD5986A}.Debug|Any CPU.Build.0 = Debug|Any CPU
		{7EF6E4C7-CEAF-4C98-917B-BB6BACD5986A}.Release|Any CPU.ActiveCfg = Release|Any CPU
		{7EF6E4C7-CEAF-4C98-917B-BB6BACD5986A}.Release|Any CPU.Build.0 = Release|Any CPU
		{57623478-AA53-49A4-9F63-5BB2E818F15B}.Debug|Any CPU.ActiveCfg = Debug|Any CPU
		{57623478-AA53-49A4-9F63-5BB2E818F15B}.Debug|Any CPU.Build.0 = Debug|Any CPU
		{57623478-AA53-49A4-9F63-5BB2E818F15B}.Release|Any CPU.ActiveCfg = Release|Any CPU
		{57623478-AA53-49A4-9F63-5BB2E818F15B}.Release|Any CPU.Build.0 = Release|Any CPU
		{CF8D86E3-B0F2-4550-9ACA-83BAC3869473}.Debug|Any CPU.ActiveCfg = Debug|Any CPU
		{CF8D86E3-B0F2-4550-9ACA-83BAC3869473}.Debug|Any CPU.Build.0 = Debug|Any CPU
		{CF8D86E3-B0F2-4550-9ACA-83BAC3869473}.Release|Any CPU.ActiveCfg = Release|Any CPU
		{CF8D86E3-B0F2-4550-9ACA-83BAC3869473}.Release|Any CPU.Build.0 = Release|Any CPU
		{9FF766F8-D14A-4D83-9780-26EFE6F62720}.Debug|Any CPU.ActiveCfg = Debug|Any CPU
		{9FF766F8-D14A-4D83-9780-26EFE6F62720}.Debug|Any CPU.Build.0 = Debug|Any CPU
		{9FF766F8-D14A-4D83-9780-26EFE6F62720}.Release|Any CPU.ActiveCfg = Release|Any CPU
		{9FF766F8-D14A-4D83-9780-26EFE6F62720}.Release|Any CPU.Build.0 = Release|Any CPU
		{151C4D6F-F0ED-4A7D-8952-CAAB0A22580F}.Debug|Any CPU.ActiveCfg = Debug|Any CPU
		{151C4D6F-F0ED-4A7D-8952-CAAB0A22580F}.Debug|Any CPU.Build.0 = Debug|Any CPU
		{151C4D6F-F0ED-4A7D-8952-CAAB0A22580F}.Release|Any CPU.ActiveCfg = Release|Any CPU
		{151C4D6F-F0ED-4A7D-8952-CAAB0A22580F}.Release|Any CPU.Build.0 = Release|Any CPU
		{441C57B6-E5B3-4FB0-96DE-E6411DF57400}.Debug|Any CPU.ActiveCfg = Debug|Any CPU
		{441C57B6-E5B3-4FB0-96DE-E6411DF57400}.Debug|Any CPU.Build.0 = Debug|Any CPU
		{441C57B6-E5B3-4FB0-96DE-E6411DF57400}.Release|Any CPU.ActiveCfg = Release|Any CPU
		{441C57B6-E5B3-4FB0-96DE-E6411DF57400}.Release|Any CPU.Build.0 = Release|Any CPU
		{B5E3AE14-8CFD-4F6E-B9EE-C2FF6F3C4801}.Debug|Any CPU.ActiveCfg = Debug|Any CPU
		{B5E3AE14-8CFD-4F6E-B9EE-C2FF6F3C4801}.Debug|Any CPU.Build.0 = Debug|Any CPU
		{B5E3AE14-8CFD-4F6E-B9EE-C2FF6F3C4801}.Release|Any CPU.ActiveCfg = Release|Any CPU
		{B5E3AE14-8CFD-4F6E-B9EE-C2FF6F3C4801}.Release|Any CPU.Build.0 = Release|Any CPU
		{7FE05817-A155-4AAC-BD70-EB693394BFE1}.Debug|Any CPU.ActiveCfg = Debug|Any CPU
		{7FE05817-A155-4AAC-BD70-EB693394BFE1}.Debug|Any CPU.Build.0 = Debug|Any CPU
		{7FE05817-A155-4AAC-BD70-EB693394BFE1}.Release|Any CPU.ActiveCfg = Release|Any CPU
		{7FE05817-A155-4AAC-BD70-EB693394BFE1}.Release|Any CPU.Build.0 = Release|Any CPU
		{1D386666-697C-4D15-A263-EBDE46D3AF76}.Debug|Any CPU.ActiveCfg = Debug|Any CPU
		{1D386666-697C-4D15-A263-EBDE46D3AF76}.Debug|Any CPU.Build.0 = Debug|Any CPU
		{1D386666-697C-4D15-A263-EBDE46D3AF76}.Release|Any CPU.ActiveCfg = Release|Any CPU
		{1D386666-697C-4D15-A263-EBDE46D3AF76}.Release|Any CPU.Build.0 = Release|Any CPU
		{ADFB0216-D6A4-4D7D-A286-0C20DE0AF29B}.Debug|Any CPU.ActiveCfg = Debug|Any CPU
		{ADFB0216-D6A4-4D7D-A286-0C20DE0AF29B}.Debug|Any CPU.Build.0 = Debug|Any CPU
		{ADFB0216-D6A4-4D7D-A286-0C20DE0AF29B}.Release|Any CPU.ActiveCfg = Release|Any CPU
		{ADFB0216-D6A4-4D7D-A286-0C20DE0AF29B}.Release|Any CPU.Build.0 = Release|Any CPU
		{A023F22D-6507-417E-9498-6AA7D705649E}.Debug|Any CPU.ActiveCfg = Debug|Any CPU
		{A023F22D-6507-417E-9498-6AA7D705649E}.Debug|Any CPU.Build.0 = Debug|Any CPU
		{A023F22D-6507-417E-9498-6AA7D705649E}.Release|Any CPU.ActiveCfg = Release|Any CPU
		{A023F22D-6507-417E-9498-6AA7D705649E}.Release|Any CPU.Build.0 = Release|Any CPU
		{AB177024-9A90-4EA0-8225-9897AFA85AEA}.Debug|Any CPU.ActiveCfg = Debug|Any CPU
		{AB177024-9A90-4EA0-8225-9897AFA85AEA}.Debug|Any CPU.Build.0 = Debug|Any CPU
		{AB177024-9A90-4EA0-8225-9897AFA85AEA}.Release|Any CPU.ActiveCfg = Release|Any CPU
		{AB177024-9A90-4EA0-8225-9897AFA85AEA}.Release|Any CPU.Build.0 = Release|Any CPU
		{85AEE4B2-38AA-46BE-A51F-ADE9D9EC99DA}.Debug|Any CPU.ActiveCfg = Debug|Any CPU
		{85AEE4B2-38AA-46BE-A51F-ADE9D9EC99DA}.Debug|Any CPU.Build.0 = Debug|Any CPU
		{85AEE4B2-38AA-46BE-A51F-ADE9D9EC99DA}.Release|Any CPU.ActiveCfg = Release|Any CPU
		{85AEE4B2-38AA-46BE-A51F-ADE9D9EC99DA}.Release|Any CPU.Build.0 = Release|Any CPU
	EndGlobalSection
	GlobalSection(SolutionProperties) = preSolution
		HideSolutionNode = FALSE
	EndGlobalSection
	GlobalSection(NestedProjects) = preSolution
		{A4C2A2C7-E74C-4FB4-B268-623CD59631B9} = {82BDC446-0E77-4108-A146-98632824D136}
		{F8D34BED-82FC-4E48-B7EA-E6AA0A4BC886} = {82BDC446-0E77-4108-A146-98632824D136}
		{61C7EEA9-67EA-44F1-8391-A296D14CD268} = {82BDC446-0E77-4108-A146-98632824D136}
		{EB38E231-720B-41F4-B12F-FA89D753950E} = {D59348A0-6121-4C6E-9BA6-56DA514DAB6E}
		{594C9685-E520-4C58-A7D5-CEA9E267FCB9} = {D59348A0-6121-4C6E-9BA6-56DA514DAB6E}
		{D792F3F4-C00C-4DA2-9C04-57F01E7D2B4C} = {D59348A0-6121-4C6E-9BA6-56DA514DAB6E}
		{0409FD20-B619-4187-96CF-13C6D42F2268} = {D59348A0-6121-4C6E-9BA6-56DA514DAB6E}
		{DD06CED6-9351-41E3-9AC3-189FFEF560FE} = {8AFBECFA-7990-41AF-93BD-29FC13618556}
		{901E1354-7F99-48B6-BC18-11E22AC3BEB6} = {8AFBECFA-7990-41AF-93BD-29FC13618556}
		{57623478-AA53-49A4-9F63-5BB2E818F15B} = {D59348A0-6121-4C6E-9BA6-56DA514DAB6E}
		{CF8D86E3-B0F2-4550-9ACA-83BAC3869473} = {8AEEB08A-E2D8-49FC-8CF3-9A30667CBB20}
		{9FF766F8-D14A-4D83-9780-26EFE6F62720} = {82BDC446-0E77-4108-A146-98632824D136}
		{151C4D6F-F0ED-4A7D-8952-CAAB0A22580F} = {82BDC446-0E77-4108-A146-98632824D136}
		{441C57B6-E5B3-4FB0-96DE-E6411DF57400} = {51EEBC70-6869-4A22-B497-1996A8CB15C7}
		{B5E3AE14-8CFD-4F6E-B9EE-C2FF6F3C4801} = {51EEBC70-6869-4A22-B497-1996A8CB15C7}
		{7FE05817-A155-4AAC-BD70-EB693394BFE1} = {D59348A0-6121-4C6E-9BA6-56DA514DAB6E}
		{1D386666-697C-4D15-A263-EBDE46D3AF76} = {D59348A0-6121-4C6E-9BA6-56DA514DAB6E}
		{ADFB0216-D6A4-4D7D-A286-0C20DE0AF29B} = {D59348A0-6121-4C6E-9BA6-56DA514DAB6E}
		{A023F22D-6507-417E-9498-6AA7D705649E} = {D59348A0-6121-4C6E-9BA6-56DA514DAB6E}
		{AB177024-9A90-4EA0-8225-9897AFA85AEA} = {D59348A0-6121-4C6E-9BA6-56DA514DAB6E}
		{85AEE4B2-38AA-46BE-A51F-ADE9D9EC99DA} = {D59348A0-6121-4C6E-9BA6-56DA514DAB6E}
	EndGlobalSection
	GlobalSection(ExtensibilityGlobals) = postSolution
		SolutionGuid = {35D8B7C4-B083-4563-B2D6-9A6FDC081876}
	EndGlobalSection
EndGlobal
