
Microsoft Visual Studio Solution File, Format Version 12.00
# Visual Studio Version 17
VisualStudioVersion = 17.3.32825.248
MinimumVisualStudioVersion = 10.0.40219.1
Project("{9A19103F-16F7-4668-BE54-9A1E7A4F7556}") = "WeatherFusion", "WeatherFusion\WeatherFusion.csproj", "{52677D13-5165-4386-AEEC-2B8DB0224CA9}"
EndProject
Project("{9A19103F-16F7-4668-BE54-9A1E7A4F7556}") = "Extensions", "common\Extensions\Extensions.csproj", "{C2709642-89A7-4739-B0DD-D728058C1F6B}"
EndProject
Project("{9A19103F-16F7-4668-BE54-9A1E7A4F7556}") = "Scheduler.Base", "common\Scheduler.Base\Scheduler.Base.csproj", "{31373615-B4F8-40EC-B9B3-FD77929C0062}"
EndProject
Project("{9A19103F-16F7-4668-BE54-9A1E7A4F7556}") = "Persistence.Common", "common\Persistence.Common\Persistence.Common.csproj", "{5F7E8CCD-6808-4ABE-888E-F7E60872BFB3}"
EndProject
Project("{9A19103F-16F7-4668-BE54-9A1E7A4F7556}") = "Persistence.Mongo", "common\Persistence.Mongo\Persistence.Mongo.csproj", "{C7147E97-9EFC-4694-9797-5D623C8AEF58}"
EndProject
Project("{9A19103F-16F7-4668-BE54-9A1E7A4F7556}") = "Models.WeatherResponsive.Mapster", "Weather\Models.WeatherResponsive.Mapster\Models.WeatherResponsive.Mapster.csproj", "{F5B88252-8FD9-41BB-95B1-ABE1F323732B}"
EndProject
Project("{9A19103F-16F7-4668-BE54-9A1E7A4F7556}") = "Repository.WeatherResponsive", "Weather\Repository.WeatherResponsive\Repository.WeatherResponsive.csproj", "{4160782A-BC44-4CB2-BCD5-6D76A6004C79}"
EndProject
Project("{9A19103F-16F7-4668-BE54-9A1E7A4F7556}") = "Weather.Fusion", "Weather\Weather.Fusion\Weather.Fusion.csproj", "{F4DB4F98-CCA9-460F-8819-954E197B6D18}"
EndProject
Project("{9A19103F-16F7-4668-BE54-9A1E7A4F7556}") = "Weather.Gov", "Weather\Weather.Gov\Weather.Gov.csproj", "{10165EB8-D3BD-4296-82B1-0724EF34671D}"
EndProject
Project("{9A19103F-16F7-4668-BE54-9A1E7A4F7556}") = "Status.Ess.Cache", "status\Status.Ess.Cache\Status.Ess.Cache.csproj", "{3A81747C-AE50-4FB5-97A5-1C4C878E3D51}"
EndProject
Project("{2150E333-8FDC-42A3-9474-1A3956D46DE8}") = "status", "status", "{015DD4B2-31F1-4A60-BCBC-90203E1B7D16}"
EndProject
Project("{9A19103F-16F7-4668-BE54-9A1E7A4F7556}") = "Status.Ess", "status\Status.Ess\Status.Ess.csproj", "{7DC0504B-E241-4214-9868-52756D311904}"
EndProject
Project("{9A19103F-16F7-4668-BE54-9A1E7A4F7556}") = "Status.Common", "status\Status.Common\Status.Common.csproj", "{05F1C382-E203-4EEC-9D38-CDEA552C17A6}"
EndProject
Project("{9A19103F-16F7-4668-BE54-9A1E7A4F7556}") = "Weather.Common.Cache", "Weather\Weather.Common.Cache\Weather.Common.Cache.csproj", "{5151DA84-D4C7-4498-B622-0FF465F0972C}"
EndProject
Project("{2150E333-8FDC-42A3-9474-1A3956D46DE8}") = "common", "common", "{A8E3FCB2-00C6-4558-B9B2-32164DF0CD03}"
EndProject
Project("{2150E333-8FDC-42A3-9474-1A3956D46DE8}") = "Weather", "Weather", "{8DA8F0CE-162F-41CB-9413-DEC5B406C481}"
EndProject
Project("{9A19103F-16F7-4668-BE54-9A1E7A4F7556}") = "Monitoring", "common\Monitoring\Monitoring.csproj", "{6A7813D2-0806-49CE-AF45-06EB52839DA4}"
EndProject
Project("{9A19103F-16F7-4668-BE54-9A1E7A4F7556}") = "Messaging", "common\Messaging\Messaging.csproj", "{9AD2AF38-08E4-4C16-BA53-BBFB25E6F9E6}"
EndProject
Project("{2150E333-8FDC-42A3-9474-1A3956D46DE8}") = "config", "config", "{F909EB87-70B9-4CF5-8F3A-0AB68737EFCE}"
EndProject
Project("{9A19103F-16F7-4668-BE54-9A1E7A4F7556}") = "Config", "config\Config\Config.csproj", "{1EEEDC71-C6D6-4D0E-A4D0-153F29513835}"
EndProject
Project("{2150E333-8FDC-42A3-9474-1A3956D46DE8}") = "entities", "entities", "{E3D58BA7-FE90-4FF3-A1B6-537E925AFEAD}"
EndProject
Project("{9A19103F-16F7-4668-BE54-9A1E7A4F7556}") = "Models.Entities", "entities\Models.Entities\Models.Entities.csproj", "{18DCC2E3-903F-47E1-AC28-59CDDCC768C7}"
EndProject
Project("{9A19103F-16F7-4668-BE54-9A1E7A4F7556}") = "Repository.Entities", "entities\Repository.Entities\Repository.Entities.csproj", "{2D8830A3-FBC0-45D3-9BE2-FA0C8272F8C8}"
EndProject
Project("{9A19103F-16F7-4668-BE54-9A1E7A4F7556}") = "Monitoring.HealthChecks.Kafka", "common\Monitoring.HealthChecks.Kafka\Monitoring.HealthChecks.Kafka.csproj", "{818E1BA8-D36F-411D-92D6-BF11E987A500}"
EndProject
Project("{9A19103F-16F7-4668-BE54-9A1E7A4F7556}") = "Monitoring.HealthChecks.Mongo", "common\Monitoring.HealthChecks.Mongo\Monitoring.HealthChecks.Mongo.csproj", "{7993B4EE-AD43-49C9-BD24-60E72624E894}"
EndProject
Project("{9A19103F-16F7-4668-BE54-9A1E7A4F7556}") = "Extensions.AspNet", "common\Extensions.AspNet\Extensions.AspNet.csproj", "{1CE1B1A0-6D66-46AA-A33B-9DEA1DCB37E7}"
EndProject
Project("{9A19103F-16F7-4668-BE54-9A1E7A4F7556}") = "Authorization", "common\Authorization\Authorization.csproj", "{0CAEC70F-7CC2-4A24-AF00-266C25C80CC2}"
EndProject
Project("{9A19103F-16F7-4668-BE54-9A1E7A4F7556}") = "Monitoring.HealthChecks.Redis", "common\Monitoring.HealthChecks.Redis\Monitoring.HealthChecks.Redis.csproj", "{522BB4CB-3396-4ED7-94DB-031C44EE2937}"
EndProject
Global
	GlobalSection(SolutionConfigurationPlatforms) = preSolution
		Debug|Any CPU = Debug|Any CPU
		Release|Any CPU = Release|Any CPU
	EndGlobalSection
	GlobalSection(ProjectConfigurationPlatforms) = postSolution
		{52677D13-5165-4386-AEEC-2B8DB0224CA9}.Debug|Any CPU.ActiveCfg = Debug|Any CPU
		{52677D13-5165-4386-AEEC-2B8DB0224CA9}.Debug|Any CPU.Build.0 = Debug|Any CPU
		{52677D13-5165-4386-AEEC-2B8DB0224CA9}.Release|Any CPU.ActiveCfg = Release|Any CPU
		{52677D13-5165-4386-AEEC-2B8DB0224CA9}.Release|Any CPU.Build.0 = Release|Any CPU
		{C2709642-89A7-4739-B0DD-D728058C1F6B}.Debug|Any CPU.ActiveCfg = Debug|Any CPU
		{C2709642-89A7-4739-B0DD-D728058C1F6B}.Debug|Any CPU.Build.0 = Debug|Any CPU
		{C2709642-89A7-4739-B0DD-D728058C1F6B}.Release|Any CPU.ActiveCfg = Release|Any CPU
		{C2709642-89A7-4739-B0DD-D728058C1F6B}.Release|Any CPU.Build.0 = Release|Any CPU
		{31373615-B4F8-40EC-B9B3-FD77929C0062}.Debug|Any CPU.ActiveCfg = Debug|Any CPU
		{31373615-B4F8-40EC-B9B3-FD77929C0062}.Debug|Any CPU.Build.0 = Debug|Any CPU
		{31373615-B4F8-40EC-B9B3-FD77929C0062}.Release|Any CPU.ActiveCfg = Release|Any CPU
		{31373615-B4F8-40EC-B9B3-FD77929C0062}.Release|Any CPU.Build.0 = Release|Any CPU
		{5F7E8CCD-6808-4ABE-888E-F7E60872BFB3}.Debug|Any CPU.ActiveCfg = Debug|Any CPU
		{5F7E8CCD-6808-4ABE-888E-F7E60872BFB3}.Debug|Any CPU.Build.0 = Debug|Any CPU
		{5F7E8CCD-6808-4ABE-888E-F7E60872BFB3}.Release|Any CPU.ActiveCfg = Release|Any CPU
		{5F7E8CCD-6808-4ABE-888E-F7E60872BFB3}.Release|Any CPU.Build.0 = Release|Any CPU
		{C7147E97-9EFC-4694-9797-5D623C8AEF58}.Debug|Any CPU.ActiveCfg = Debug|Any CPU
		{C7147E97-9EFC-4694-9797-5D623C8AEF58}.Debug|Any CPU.Build.0 = Debug|Any CPU
		{C7147E97-9EFC-4694-9797-5D623C8AEF58}.Release|Any CPU.ActiveCfg = Release|Any CPU
		{C7147E97-9EFC-4694-9797-5D623C8AEF58}.Release|Any CPU.Build.0 = Release|Any CPU
		{F5B88252-8FD9-41BB-95B1-ABE1F323732B}.Debug|Any CPU.ActiveCfg = Debug|Any CPU
		{F5B88252-8FD9-41BB-95B1-ABE1F323732B}.Debug|Any CPU.Build.0 = Debug|Any CPU
		{F5B88252-8FD9-41BB-95B1-ABE1F323732B}.Release|Any CPU.ActiveCfg = Release|Any CPU
		{F5B88252-8FD9-41BB-95B1-ABE1F323732B}.Release|Any CPU.Build.0 = Release|Any CPU
		{4160782A-BC44-4CB2-BCD5-6D76A6004C79}.Debug|Any CPU.ActiveCfg = Debug|Any CPU
		{4160782A-BC44-4CB2-BCD5-6D76A6004C79}.Debug|Any CPU.Build.0 = Debug|Any CPU
		{4160782A-BC44-4CB2-BCD5-6D76A6004C79}.Release|Any CPU.ActiveCfg = Release|Any CPU
		{4160782A-BC44-4CB2-BCD5-6D76A6004C79}.Release|Any CPU.Build.0 = Release|Any CPU
		{F4DB4F98-CCA9-460F-8819-954E197B6D18}.Debug|Any CPU.ActiveCfg = Debug|Any CPU
		{F4DB4F98-CCA9-460F-8819-954E197B6D18}.Debug|Any CPU.Build.0 = Debug|Any CPU
		{F4DB4F98-CCA9-460F-8819-954E197B6D18}.Release|Any CPU.ActiveCfg = Release|Any CPU
		{F4DB4F98-CCA9-460F-8819-954E197B6D18}.Release|Any CPU.Build.0 = Release|Any CPU
		{10165EB8-D3BD-4296-82B1-0724EF34671D}.Debug|Any CPU.ActiveCfg = Debug|Any CPU
		{10165EB8-D3BD-4296-82B1-0724EF34671D}.Debug|Any CPU.Build.0 = Debug|Any CPU
		{10165EB8-D3BD-4296-82B1-0724EF34671D}.Release|Any CPU.ActiveCfg = Release|Any CPU
		{10165EB8-D3BD-4296-82B1-0724EF34671D}.Release|Any CPU.Build.0 = Release|Any CPU
		{3A81747C-AE50-4FB5-97A5-1C4C878E3D51}.Debug|Any CPU.ActiveCfg = Debug|Any CPU
		{3A81747C-AE50-4FB5-97A5-1C4C878E3D51}.Debug|Any CPU.Build.0 = Debug|Any CPU
		{3A81747C-AE50-4FB5-97A5-1C4C878E3D51}.Release|Any CPU.ActiveCfg = Release|Any CPU
		{3A81747C-AE50-4FB5-97A5-1C4C878E3D51}.Release|Any CPU.Build.0 = Release|Any CPU
		{7DC0504B-E241-4214-9868-52756D311904}.Debug|Any CPU.ActiveCfg = Debug|Any CPU
		{7DC0504B-E241-4214-9868-52756D311904}.Debug|Any CPU.Build.0 = Debug|Any CPU
		{7DC0504B-E241-4214-9868-52756D311904}.Release|Any CPU.ActiveCfg = Release|Any CPU
		{7DC0504B-E241-4214-9868-52756D311904}.Release|Any CPU.Build.0 = Release|Any CPU
		{05F1C382-E203-4EEC-9D38-CDEA552C17A6}.Debug|Any CPU.ActiveCfg = Debug|Any CPU
		{05F1C382-E203-4EEC-9D38-CDEA552C17A6}.Debug|Any CPU.Build.0 = Debug|Any CPU
		{05F1C382-E203-4EEC-9D38-CDEA552C17A6}.Release|Any CPU.ActiveCfg = Release|Any CPU
		{05F1C382-E203-4EEC-9D38-CDEA552C17A6}.Release|Any CPU.Build.0 = Release|Any CPU
		{5151DA84-D4C7-4498-B622-0FF465F0972C}.Debug|Any CPU.ActiveCfg = Debug|Any CPU
		{5151DA84-D4C7-4498-B622-0FF465F0972C}.Debug|Any CPU.Build.0 = Debug|Any CPU
		{5151DA84-D4C7-4498-B622-0FF465F0972C}.Release|Any CPU.ActiveCfg = Release|Any CPU
		{5151DA84-D4C7-4498-B622-0FF465F0972C}.Release|Any CPU.Build.0 = Release|Any CPU
		{6A7813D2-0806-49CE-AF45-06EB52839DA4}.Debug|Any CPU.ActiveCfg = Debug|Any CPU
		{6A7813D2-0806-49CE-AF45-06EB52839DA4}.Debug|Any CPU.Build.0 = Debug|Any CPU
		{6A7813D2-0806-49CE-AF45-06EB52839DA4}.Release|Any CPU.ActiveCfg = Release|Any CPU
		{6A7813D2-0806-49CE-AF45-06EB52839DA4}.Release|Any CPU.Build.0 = Release|Any CPU
		{9AD2AF38-08E4-4C16-BA53-BBFB25E6F9E6}.Debug|Any CPU.ActiveCfg = Debug|Any CPU
		{9AD2AF38-08E4-4C16-BA53-BBFB25E6F9E6}.Debug|Any CPU.Build.0 = Debug|Any CPU
		{9AD2AF38-08E4-4C16-BA53-BBFB25E6F9E6}.Release|Any CPU.ActiveCfg = Release|Any CPU
		{9AD2AF38-08E4-4C16-BA53-BBFB25E6F9E6}.Release|Any CPU.Build.0 = Release|Any CPU
		{1EEEDC71-C6D6-4D0E-A4D0-153F29513835}.Debug|Any CPU.ActiveCfg = Debug|Any CPU
		{1EEEDC71-C6D6-4D0E-A4D0-153F29513835}.Debug|Any CPU.Build.0 = Debug|Any CPU
		{1EEEDC71-C6D6-4D0E-A4D0-153F29513835}.Release|Any CPU.ActiveCfg = Release|Any CPU
		{1EEEDC71-C6D6-4D0E-A4D0-153F29513835}.Release|Any CPU.Build.0 = Release|Any CPU
		{18DCC2E3-903F-47E1-AC28-59CDDCC768C7}.Debug|Any CPU.ActiveCfg = Debug|Any CPU
		{18DCC2E3-903F-47E1-AC28-59CDDCC768C7}.Debug|Any CPU.Build.0 = Debug|Any CPU
		{18DCC2E3-903F-47E1-AC28-59CDDCC768C7}.Release|Any CPU.ActiveCfg = Release|Any CPU
		{18DCC2E3-903F-47E1-AC28-59CDDCC768C7}.Release|Any CPU.Build.0 = Release|Any CPU
		{2D8830A3-FBC0-45D3-9BE2-FA0C8272F8C8}.Debug|Any CPU.ActiveCfg = Debug|Any CPU
		{2D8830A3-FBC0-45D3-9BE2-FA0C8272F8C8}.Debug|Any CPU.Build.0 = Debug|Any CPU
		{2D8830A3-FBC0-45D3-9BE2-FA0C8272F8C8}.Release|Any CPU.ActiveCfg = Release|Any CPU
		{2D8830A3-FBC0-45D3-9BE2-FA0C8272F8C8}.Release|Any CPU.Build.0 = Release|Any CPU
		{818E1BA8-D36F-411D-92D6-BF11E987A500}.Debug|Any CPU.ActiveCfg = Debug|Any CPU
		{818E1BA8-D36F-411D-92D6-BF11E987A500}.Debug|Any CPU.Build.0 = Debug|Any CPU
		{818E1BA8-D36F-411D-92D6-BF11E987A500}.Release|Any CPU.ActiveCfg = Release|Any CPU
		{818E1BA8-D36F-411D-92D6-BF11E987A500}.Release|Any CPU.Build.0 = Release|Any CPU
		{7993B4EE-AD43-49C9-BD24-60E72624E894}.Debug|Any CPU.ActiveCfg = Debug|Any CPU
		{7993B4EE-AD43-49C9-BD24-60E72624E894}.Debug|Any CPU.Build.0 = Debug|Any CPU
		{7993B4EE-AD43-49C9-BD24-60E72624E894}.Release|Any CPU.ActiveCfg = Release|Any CPU
		{7993B4EE-AD43-49C9-BD24-60E72624E894}.Release|Any CPU.Build.0 = Release|Any CPU
		{1CE1B1A0-6D66-46AA-A33B-9DEA1DCB37E7}.Debug|Any CPU.ActiveCfg = Debug|Any CPU
		{1CE1B1A0-6D66-46AA-A33B-9DEA1DCB37E7}.Debug|Any CPU.Build.0 = Debug|Any CPU
		{1CE1B1A0-6D66-46AA-A33B-9DEA1DCB37E7}.Release|Any CPU.ActiveCfg = Release|Any CPU
		{1CE1B1A0-6D66-46AA-A33B-9DEA1DCB37E7}.Release|Any CPU.Build.0 = Release|Any CPU
		{0CAEC70F-7CC2-4A24-AF00-266C25C80CC2}.Debug|Any CPU.ActiveCfg = Debug|Any CPU
		{0CAEC70F-7CC2-4A24-AF00-266C25C80CC2}.Debug|Any CPU.Build.0 = Debug|Any CPU
		{0CAEC70F-7CC2-4A24-AF00-266C25C80CC2}.Release|Any CPU.ActiveCfg = Release|Any CPU
		{0CAEC70F-7CC2-4A24-AF00-266C25C80CC2}.Release|Any CPU.Build.0 = Release|Any CPU
		{522BB4CB-3396-4ED7-94DB-031C44EE2937}.Debug|Any CPU.ActiveCfg = Debug|Any CPU
		{522BB4CB-3396-4ED7-94DB-031C44EE2937}.Debug|Any CPU.Build.0 = Debug|Any CPU
		{522BB4CB-3396-4ED7-94DB-031C44EE2937}.Release|Any CPU.ActiveCfg = Release|Any CPU
		{522BB4CB-3396-4ED7-94DB-031C44EE2937}.Release|Any CPU.Build.0 = Release|Any CPU
	EndGlobalSection
	GlobalSection(SolutionProperties) = preSolution
		HideSolutionNode = FALSE
	EndGlobalSection
	GlobalSection(NestedProjects) = preSolution
		{C2709642-89A7-4739-B0DD-D728058C1F6B} = {A8E3FCB2-00C6-4558-B9B2-32164DF0CD03}
		{31373615-B4F8-40EC-B9B3-FD77929C0062} = {A8E3FCB2-00C6-4558-B9B2-32164DF0CD03}
		{5F7E8CCD-6808-4ABE-888E-F7E60872BFB3} = {A8E3FCB2-00C6-4558-B9B2-32164DF0CD03}
		{C7147E97-9EFC-4694-9797-5D623C8AEF58} = {A8E3FCB2-00C6-4558-B9B2-32164DF0CD03}
		{F5B88252-8FD9-41BB-95B1-ABE1F323732B} = {8DA8F0CE-162F-41CB-9413-DEC5B406C481}
		{4160782A-BC44-4CB2-BCD5-6D76A6004C79} = {8DA8F0CE-162F-41CB-9413-DEC5B406C481}
		{F4DB4F98-CCA9-460F-8819-954E197B6D18} = {8DA8F0CE-162F-41CB-9413-DEC5B406C481}
		{10165EB8-D3BD-4296-82B1-0724EF34671D} = {8DA8F0CE-162F-41CB-9413-DEC5B406C481}
		{3A81747C-AE50-4FB5-97A5-1C4C878E3D51} = {015DD4B2-31F1-4A60-BCBC-90203E1B7D16}
		{7DC0504B-E241-4214-9868-52756D311904} = {015DD4B2-31F1-4A60-BCBC-90203E1B7D16}
		{05F1C382-E203-4EEC-9D38-CDEA552C17A6} = {015DD4B2-31F1-4A60-BCBC-90203E1B7D16}
		{5151DA84-D4C7-4498-B622-0FF465F0972C} = {8DA8F0CE-162F-41CB-9413-DEC5B406C481}
		{6A7813D2-0806-49CE-AF45-06EB52839DA4} = {A8E3FCB2-00C6-4558-B9B2-32164DF0CD03}
		{9AD2AF38-08E4-4C16-BA53-BBFB25E6F9E6} = {A8E3FCB2-00C6-4558-B9B2-32164DF0CD03}
		{1EEEDC71-C6D6-4D0E-A4D0-153F29513835} = {F909EB87-70B9-4CF5-8F3A-0AB68737EFCE}
		{18DCC2E3-903F-47E1-AC28-59CDDCC768C7} = {E3D58BA7-FE90-4FF3-A1B6-537E925AFEAD}
		{2D8830A3-FBC0-45D3-9BE2-FA0C8272F8C8} = {E3D58BA7-FE90-4FF3-A1B6-537E925AFEAD}
		{818E1BA8-D36F-411D-92D6-BF11E987A500} = {A8E3FCB2-00C6-4558-B9B2-32164DF0CD03}
		{7993B4EE-AD43-49C9-BD24-60E72624E894} = {A8E3FCB2-00C6-4558-B9B2-32164DF0CD03}
		{1CE1B1A0-6D66-46AA-A33B-9DEA1DCB37E7} = {A8E3FCB2-00C6-4558-B9B2-32164DF0CD03}
		{0CAEC70F-7CC2-4A24-AF00-266C25C80CC2} = {A8E3FCB2-00C6-4558-B9B2-32164DF0CD03}
		{522BB4CB-3396-4ED7-94DB-031C44EE2937} = {A8E3FCB2-00C6-4558-B9B2-32164DF0CD03}
	EndGlobalSection
	GlobalSection(ExtensibilityGlobals) = postSolution
		SolutionGuid = {B725186E-AD65-499F-9A4B-5BBD7FF9B9BF}
	EndGlobalSection
EndGlobal
