
Microsoft Visual Studio Solution File, Format Version 12.00
# Visual Studio Version 17
VisualStudioVersion = 17.3.32825.248
MinimumVisualStudioVersion = 10.0.40219.1
Project("{9A19103F-16F7-4668-BE54-9A1E7A4F7556}") = "WeatherMonitoring", "WeatherMonitoring\WeatherMonitoring.csproj", "{1749AB36-E8A4-4336-90F2-CCBDE4C199A7}"
EndProject
Project("{9A19103F-16F7-4668-BE54-9A1E7A4F7556}") = "Extensions", "common\Extensions\Extensions.csproj", "{269B4BEE-882E-4D8A-8EDE-A0E65CA70829}"
EndProject
Project("{9A19103F-16F7-4668-BE54-9A1E7A4F7556}") = "Scheduler.Base", "common\Scheduler.Base\Scheduler.Base.csproj", "{6A10F9C5-E7D1-45C4-BA4E-2901ADC0EF5C}"
EndProject
Project("{9A19103F-16F7-4668-BE54-9A1E7A4F7556}") = "Repository.WeatherResponsive", "Weather\Repository.WeatherResponsive\Repository.WeatherResponsive.csproj", "{919F88D1-DE43-44F4-96FA-DAEC4A20E434}"
EndProject
Project("{9A19103F-16F7-4668-BE54-9A1E7A4F7556}") = "Models.WeatherResponsive.Mapster", "Weather\Models.WeatherResponsive.Mapster\Models.WeatherResponsive.Mapster.csproj", "{D9776063-2048-4C53-A8DD-088E2B0AFE96}"
EndProject
Project("{9A19103F-16F7-4668-BE54-9A1E7A4F7556}") = "Persistence.Mongo", "common\Persistence.Mongo\Persistence.Mongo.csproj", "{6A5DB156-19F8-4E1B-8956-23A83B67C642}"
EndProject
Project("{9A19103F-16F7-4668-BE54-9A1E7A4F7556}") = "Persistence.Common", "common\Persistence.Common\Persistence.Common.csproj", "{1C3F0F83-B210-4F3F-9639-B9C2D120EC6E}"
EndProject
Project("{9A19103F-16F7-4668-BE54-9A1E7A4F7556}") = "Weather.Gov", "Weather\Weather.Gov\Weather.Gov.csproj", "{09DFF25B-DF70-4ED5-BFF0-3BFA35B5D0C9}"
EndProject
Project("{9A19103F-16F7-4668-BE54-9A1E7A4F7556}") = "Weather.Common.Cache", "Weather\Weather.Common.Cache\Weather.Common.Cache.csproj", "{F781FC66-8776-4C72-8C92-8339D193C1F5}"
EndProject
Project("{9A19103F-16F7-4668-BE54-9A1E7A4F7556}") = "Weather.Fusion", "Weather\Weather.Fusion\Weather.Fusion.csproj", "{B1B5EC85-E93F-4269-B256-2EBFC81751F2}"
EndProject
Project("{2150E333-8FDC-42A3-9474-1A3956D46DE8}") = "common", "common", "{0756CB0D-7E60-49D3-B0B0-69C64D1B4432}"
EndProject
Project("{2150E333-8FDC-42A3-9474-1A3956D46DE8}") = "Weather", "Weather", "{0BEE9C19-B35B-4F03-9C8D-6DDB3E910B69}"
EndProject
Project("{2150E333-8FDC-42A3-9474-1A3956D46DE8}") = "config", "config", "{66126F2C-0C2B-486C-A9A2-6E883B6118BF}"
EndProject
Project("{2150E333-8FDC-42A3-9474-1A3956D46DE8}") = "entities", "entities", "{8D19C5B1-8242-4FD5-8AB0-9CD94325325E}"
EndProject
Project("{9A19103F-16F7-4668-BE54-9A1E7A4F7556}") = "Config", "config\Config\Config.csproj", "{8DC6972D-5C23-4623-8A15-E66108A71F32}"
EndProject
Project("{9A19103F-16F7-4668-BE54-9A1E7A4F7556}") = "Models.Entities", "entities\Models.Entities\Models.Entities.csproj", "{919736F3-B9B5-436F-8610-8DA1E2D37566}"
EndProject
Project("{9A19103F-16F7-4668-BE54-9A1E7A4F7556}") = "Repository.Entities", "entities\Repository.Entities\Repository.Entities.csproj", "{CD47B348-454B-435E-BF0A-9BB4F28B69CF}"
EndProject
Project("{9A19103F-16F7-4668-BE54-9A1E7A4F7556}") = "Monitoring", "common\Monitoring\Monitoring.csproj", "{C9417D6D-1551-4BB8-8FAC-1CD3EFC6D497}"
EndProject
Project("{9A19103F-16F7-4668-BE54-9A1E7A4F7556}") = "Authorization", "common\Authorization\Authorization.csproj", "{C4EE4551-2844-4556-9DB1-B3091D18DF01}"
EndProject
Project("{9A19103F-16F7-4668-BE54-9A1E7A4F7556}") = "Extensions.AspNet", "common\Extensions.AspNet\Extensions.AspNet.csproj", "{4CD6917C-FBB1-4043-A2F0-6E908DA50282}"
EndProject
Project("{9A19103F-16F7-4668-BE54-9A1E7A4F7556}") = "Monitoring.HealthChecks.Kafka", "common\Monitoring.HealthChecks.Kafka\Monitoring.HealthChecks.Kafka.csproj", "{198A8291-BD7B-468C-9AAA-2C99D0744A5B}"
EndProject
Project("{9A19103F-16F7-4668-BE54-9A1E7A4F7556}") = "Monitoring.HealthChecks.Mongo", "common\Monitoring.HealthChecks.Mongo\Monitoring.HealthChecks.Mongo.csproj", "{4B49FB4D-884F-460B-B74E-5704AB314DDB}"
EndProject
Project("{9A19103F-16F7-4668-BE54-9A1E7A4F7556}") = "Messaging", "common\Messaging\Messaging.csproj", "{9250A224-AAD8-4FBF-9F0B-6805BDA34006}"
EndProject
Project("{9A19103F-16F7-4668-BE54-9A1E7A4F7556}") = "Monitoring.HealthChecks.Redis", "common\Monitoring.HealthChecks.Redis\Monitoring.HealthChecks.Redis.csproj", "{0E3C6B2F-A9D9-48E1-8F00-950CA7698C79}"
EndProject
Global
	GlobalSection(SolutionConfigurationPlatforms) = preSolution
		Debug|Any CPU = Debug|Any CPU
		Release|Any CPU = Release|Any CPU
	EndGlobalSection
	GlobalSection(ProjectConfigurationPlatforms) = postSolution
		{1749AB36-E8A4-4336-90F2-CCBDE4C199A7}.Debug|Any CPU.ActiveCfg = Debug|Any CPU
		{1749AB36-E8A4-4336-90F2-CCBDE4C199A7}.Debug|Any CPU.Build.0 = Debug|Any CPU
		{1749AB36-E8A4-4336-90F2-CCBDE4C199A7}.Release|Any CPU.ActiveCfg = Release|Any CPU
		{1749AB36-E8A4-4336-90F2-CCBDE4C199A7}.Release|Any CPU.Build.0 = Release|Any CPU
		{269B4BEE-882E-4D8A-8EDE-A0E65CA70829}.Debug|Any CPU.ActiveCfg = Debug|Any CPU
		{269B4BEE-882E-4D8A-8EDE-A0E65CA70829}.Debug|Any CPU.Build.0 = Debug|Any CPU
		{269B4BEE-882E-4D8A-8EDE-A0E65CA70829}.Release|Any CPU.ActiveCfg = Release|Any CPU
		{269B4BEE-882E-4D8A-8EDE-A0E65CA70829}.Release|Any CPU.Build.0 = Release|Any CPU
		{6A10F9C5-E7D1-45C4-BA4E-2901ADC0EF5C}.Debug|Any CPU.ActiveCfg = Debug|Any CPU
		{6A10F9C5-E7D1-45C4-BA4E-2901ADC0EF5C}.Debug|Any CPU.Build.0 = Debug|Any CPU
		{6A10F9C5-E7D1-45C4-BA4E-2901ADC0EF5C}.Release|Any CPU.ActiveCfg = Release|Any CPU
		{6A10F9C5-E7D1-45C4-BA4E-2901ADC0EF5C}.Release|Any CPU.Build.0 = Release|Any CPU
		{919F88D1-DE43-44F4-96FA-DAEC4A20E434}.Debug|Any CPU.ActiveCfg = Debug|Any CPU
		{919F88D1-DE43-44F4-96FA-DAEC4A20E434}.Debug|Any CPU.Build.0 = Debug|Any CPU
		{919F88D1-DE43-44F4-96FA-DAEC4A20E434}.Release|Any CPU.ActiveCfg = Release|Any CPU
		{919F88D1-DE43-44F4-96FA-DAEC4A20E434}.Release|Any CPU.Build.0 = Release|Any CPU
		{D9776063-2048-4C53-A8DD-088E2B0AFE96}.Debug|Any CPU.ActiveCfg = Debug|Any CPU
		{D9776063-2048-4C53-A8DD-088E2B0AFE96}.Debug|Any CPU.Build.0 = Debug|Any CPU
		{D9776063-2048-4C53-A8DD-088E2B0AFE96}.Release|Any CPU.ActiveCfg = Release|Any CPU
		{D9776063-2048-4C53-A8DD-088E2B0AFE96}.Release|Any CPU.Build.0 = Release|Any CPU
		{6A5DB156-19F8-4E1B-8956-23A83B67C642}.Debug|Any CPU.ActiveCfg = Debug|Any CPU
		{6A5DB156-19F8-4E1B-8956-23A83B67C642}.Debug|Any CPU.Build.0 = Debug|Any CPU
		{6A5DB156-19F8-4E1B-8956-23A83B67C642}.Release|Any CPU.ActiveCfg = Release|Any CPU
		{6A5DB156-19F8-4E1B-8956-23A83B67C642}.Release|Any CPU.Build.0 = Release|Any CPU
		{1C3F0F83-B210-4F3F-9639-B9C2D120EC6E}.Debug|Any CPU.ActiveCfg = Debug|Any CPU
		{1C3F0F83-B210-4F3F-9639-B9C2D120EC6E}.Debug|Any CPU.Build.0 = Debug|Any CPU
		{1C3F0F83-B210-4F3F-9639-B9C2D120EC6E}.Release|Any CPU.ActiveCfg = Release|Any CPU
		{1C3F0F83-B210-4F3F-9639-B9C2D120EC6E}.Release|Any CPU.Build.0 = Release|Any CPU
		{09DFF25B-DF70-4ED5-BFF0-3BFA35B5D0C9}.Debug|Any CPU.ActiveCfg = Debug|Any CPU
		{09DFF25B-DF70-4ED5-BFF0-3BFA35B5D0C9}.Debug|Any CPU.Build.0 = Debug|Any CPU
		{09DFF25B-DF70-4ED5-BFF0-3BFA35B5D0C9}.Release|Any CPU.ActiveCfg = Release|Any CPU
		{09DFF25B-DF70-4ED5-BFF0-3BFA35B5D0C9}.Release|Any CPU.Build.0 = Release|Any CPU
		{F781FC66-8776-4C72-8C92-8339D193C1F5}.Debug|Any CPU.ActiveCfg = Debug|Any CPU
		{F781FC66-8776-4C72-8C92-8339D193C1F5}.Debug|Any CPU.Build.0 = Debug|Any CPU
		{F781FC66-8776-4C72-8C92-8339D193C1F5}.Release|Any CPU.ActiveCfg = Release|Any CPU
		{F781FC66-8776-4C72-8C92-8339D193C1F5}.Release|Any CPU.Build.0 = Release|Any CPU
		{B1B5EC85-E93F-4269-B256-2EBFC81751F2}.Debug|Any CPU.ActiveCfg = Debug|Any CPU
		{B1B5EC85-E93F-4269-B256-2EBFC81751F2}.Debug|Any CPU.Build.0 = Debug|Any CPU
		{B1B5EC85-E93F-4269-B256-2EBFC81751F2}.Release|Any CPU.ActiveCfg = Release|Any CPU
		{B1B5EC85-E93F-4269-B256-2EBFC81751F2}.Release|Any CPU.Build.0 = Release|Any CPU
		{8DC6972D-5C23-4623-8A15-E66108A71F32}.Debug|Any CPU.ActiveCfg = Debug|Any CPU
		{8DC6972D-5C23-4623-8A15-E66108A71F32}.Debug|Any CPU.Build.0 = Debug|Any CPU
		{8DC6972D-5C23-4623-8A15-E66108A71F32}.Release|Any CPU.ActiveCfg = Release|Any CPU
		{8DC6972D-5C23-4623-8A15-E66108A71F32}.Release|Any CPU.Build.0 = Release|Any CPU
		{919736F3-B9B5-436F-8610-8DA1E2D37566}.Debug|Any CPU.ActiveCfg = Debug|Any CPU
		{919736F3-B9B5-436F-8610-8DA1E2D37566}.Debug|Any CPU.Build.0 = Debug|Any CPU
		{919736F3-B9B5-436F-8610-8DA1E2D37566}.Release|Any CPU.ActiveCfg = Release|Any CPU
		{919736F3-B9B5-436F-8610-8DA1E2D37566}.Release|Any CPU.Build.0 = Release|Any CPU
		{CD47B348-454B-435E-BF0A-9BB4F28B69CF}.Debug|Any CPU.ActiveCfg = Debug|Any CPU
		{CD47B348-454B-435E-BF0A-9BB4F28B69CF}.Debug|Any CPU.Build.0 = Debug|Any CPU
		{CD47B348-454B-435E-BF0A-9BB4F28B69CF}.Release|Any CPU.ActiveCfg = Release|Any CPU
		{CD47B348-454B-435E-BF0A-9BB4F28B69CF}.Release|Any CPU.Build.0 = Release|Any CPU
		{C9417D6D-1551-4BB8-8FAC-1CD3EFC6D497}.Debug|Any CPU.ActiveCfg = Debug|Any CPU
		{C9417D6D-1551-4BB8-8FAC-1CD3EFC6D497}.Debug|Any CPU.Build.0 = Debug|Any CPU
		{C9417D6D-1551-4BB8-8FAC-1CD3EFC6D497}.Release|Any CPU.ActiveCfg = Release|Any CPU
		{C9417D6D-1551-4BB8-8FAC-1CD3EFC6D497}.Release|Any CPU.Build.0 = Release|Any CPU
		{C4EE4551-2844-4556-9DB1-B3091D18DF01}.Debug|Any CPU.ActiveCfg = Debug|Any CPU
		{C4EE4551-2844-4556-9DB1-B3091D18DF01}.Debug|Any CPU.Build.0 = Debug|Any CPU
		{C4EE4551-2844-4556-9DB1-B3091D18DF01}.Release|Any CPU.ActiveCfg = Release|Any CPU
		{C4EE4551-2844-4556-9DB1-B3091D18DF01}.Release|Any CPU.Build.0 = Release|Any CPU
		{4CD6917C-FBB1-4043-A2F0-6E908DA50282}.Debug|Any CPU.ActiveCfg = Debug|Any CPU
		{4CD6917C-FBB1-4043-A2F0-6E908DA50282}.Debug|Any CPU.Build.0 = Debug|Any CPU
		{4CD6917C-FBB1-4043-A2F0-6E908DA50282}.Release|Any CPU.ActiveCfg = Release|Any CPU
		{4CD6917C-FBB1-4043-A2F0-6E908DA50282}.Release|Any CPU.Build.0 = Release|Any CPU
		{198A8291-BD7B-468C-9AAA-2C99D0744A5B}.Debug|Any CPU.ActiveCfg = Debug|Any CPU
		{198A8291-BD7B-468C-9AAA-2C99D0744A5B}.Debug|Any CPU.Build.0 = Debug|Any CPU
		{198A8291-BD7B-468C-9AAA-2C99D0744A5B}.Release|Any CPU.ActiveCfg = Release|Any CPU
		{198A8291-BD7B-468C-9AAA-2C99D0744A5B}.Release|Any CPU.Build.0 = Release|Any CPU
		{4B49FB4D-884F-460B-B74E-5704AB314DDB}.Debug|Any CPU.ActiveCfg = Debug|Any CPU
		{4B49FB4D-884F-460B-B74E-5704AB314DDB}.Debug|Any CPU.Build.0 = Debug|Any CPU
		{4B49FB4D-884F-460B-B74E-5704AB314DDB}.Release|Any CPU.ActiveCfg = Release|Any CPU
		{4B49FB4D-884F-460B-B74E-5704AB314DDB}.Release|Any CPU.Build.0 = Release|Any CPU
		{9250A224-AAD8-4FBF-9F0B-6805BDA34006}.Debug|Any CPU.ActiveCfg = Debug|Any CPU
		{9250A224-AAD8-4FBF-9F0B-6805BDA34006}.Debug|Any CPU.Build.0 = Debug|Any CPU
		{9250A224-AAD8-4FBF-9F0B-6805BDA34006}.Release|Any CPU.ActiveCfg = Release|Any CPU
		{9250A224-AAD8-4FBF-9F0B-6805BDA34006}.Release|Any CPU.Build.0 = Release|Any CPU
		{0E3C6B2F-A9D9-48E1-8F00-950CA7698C79}.Debug|Any CPU.ActiveCfg = Debug|Any CPU
		{0E3C6B2F-A9D9-48E1-8F00-950CA7698C79}.Debug|Any CPU.Build.0 = Debug|Any CPU
		{0E3C6B2F-A9D9-48E1-8F00-950CA7698C79}.Release|Any CPU.ActiveCfg = Release|Any CPU
		{0E3C6B2F-A9D9-48E1-8F00-950CA7698C79}.Release|Any CPU.Build.0 = Release|Any CPU
	EndGlobalSection
	GlobalSection(SolutionProperties) = preSolution
		HideSolutionNode = FALSE
	EndGlobalSection
	GlobalSection(NestedProjects) = preSolution
		{269B4BEE-882E-4D8A-8EDE-A0E65CA70829} = {0756CB0D-7E60-49D3-B0B0-69C64D1B4432}
		{6A10F9C5-E7D1-45C4-BA4E-2901ADC0EF5C} = {0756CB0D-7E60-49D3-B0B0-69C64D1B4432}
		{919F88D1-DE43-44F4-96FA-DAEC4A20E434} = {0BEE9C19-B35B-4F03-9C8D-6DDB3E910B69}
		{D9776063-2048-4C53-A8DD-088E2B0AFE96} = {0BEE9C19-B35B-4F03-9C8D-6DDB3E910B69}
		{6A5DB156-19F8-4E1B-8956-23A83B67C642} = {0756CB0D-7E60-49D3-B0B0-69C64D1B4432}
		{1C3F0F83-B210-4F3F-9639-B9C2D120EC6E} = {0756CB0D-7E60-49D3-B0B0-69C64D1B4432}
		{09DFF25B-DF70-4ED5-BFF0-3BFA35B5D0C9} = {0BEE9C19-B35B-4F03-9C8D-6DDB3E910B69}
		{F781FC66-8776-4C72-8C92-8339D193C1F5} = {0BEE9C19-B35B-4F03-9C8D-6DDB3E910B69}
		{B1B5EC85-E93F-4269-B256-2EBFC81751F2} = {0BEE9C19-B35B-4F03-9C8D-6DDB3E910B69}
		{8DC6972D-5C23-4623-8A15-E66108A71F32} = {66126F2C-0C2B-486C-A9A2-6E883B6118BF}
		{919736F3-B9B5-436F-8610-8DA1E2D37566} = {8D19C5B1-8242-4FD5-8AB0-9CD94325325E}
		{CD47B348-454B-435E-BF0A-9BB4F28B69CF} = {8D19C5B1-8242-4FD5-8AB0-9CD94325325E}
		{C9417D6D-1551-4BB8-8FAC-1CD3EFC6D497} = {0756CB0D-7E60-49D3-B0B0-69C64D1B4432}
		{C4EE4551-2844-4556-9DB1-B3091D18DF01} = {0756CB0D-7E60-49D3-B0B0-69C64D1B4432}
		{4CD6917C-FBB1-4043-A2F0-6E908DA50282} = {0756CB0D-7E60-49D3-B0B0-69C64D1B4432}
		{198A8291-BD7B-468C-9AAA-2C99D0744A5B} = {0756CB0D-7E60-49D3-B0B0-69C64D1B4432}
		{4B49FB4D-884F-460B-B74E-5704AB314DDB} = {0756CB0D-7E60-49D3-B0B0-69C64D1B4432}
		{9250A224-AAD8-4FBF-9F0B-6805BDA34006} = {0756CB0D-7E60-49D3-B0B0-69C64D1B4432}
		{0E3C6B2F-A9D9-48E1-8F00-950CA7698C79} = {0756CB0D-7E60-49D3-B0B0-69C64D1B4432}
	EndGlobalSection
	GlobalSection(ExtensibilityGlobals) = postSolution
		SolutionGuid = {24FEE445-1B62-43B0-8282-E72FF5F04414}
	EndGlobalSection
EndGlobal
